
Microsoft Visual Studio Solution File, Format Version 12.00
# Visual Studio Version 16
VisualStudioVersion = 16.0.30717.126
MinimumVisualStudioVersion = 10.0.40219.1
Project("{FAE04EC0-301F-11D3-BF4B-00C04F79EFBC}") = "DesignStudio", "DesignStudio.csproj", "{980C8AD0-76F1-4C8C-8B87-39306E1DDFB1}"
EndProject
Global
	GlobalSection(SolutionConfigurationPlatforms) = preSolution
		Debug|Any CPU = Debug|Any CPU
		Release|Any CPU = Release|Any CPU
	EndGlobalSection
	GlobalSection(ProjectConfigurationPlatforms) = postSolution
		{980C8AD0-76F1-4C8C-8B87-39306E1DDFB1}.Debug|Any CPU.ActiveCfg = Debug|Any CPU
		{980C8AD0-76F1-4C8C-8B87-39306E1DDFB1}.Debug|Any CPU.Build.0 = Debug|Any CPU
		{980C8AD0-76F1-4C8C-8B87-39306E1DDFB1}.Release|Any CPU.ActiveCfg = Release|Any CPU
		{980C8AD0-76F1-4C8C-8B87-39306E1DDFB1}.Release|Any CPU.Build.0 = Release|Any CPU
	EndGlobalSection
	GlobalSection(SolutionProperties) = preSolution
		HideSolutionNode = FALSE
	EndGlobalSection
	GlobalSection(ExtensibilityGlobals) = postSolution
		SolutionGuid = {512FB84E-2750-498B-A15A-223D8FEDCAC7}
	EndGlobalSection
EndGlobal
